
Microsoft Visual Studio Solution File, Format Version 12.00
# Visual Studio Version 16
VisualStudioVersion = 16.0.33927.289
MinimumVisualStudioVersion = 10.0.40219.1
Project("{FAE04EC0-301F-11D3-BF4B-00C04F79EFBC}") = "TASK4(ProductStock)", "TASK4(ProductStock).csproj", "{AA8D9B67-D566-4CA3-A3B7-5DBD96D44145}"
EndProject
Global
	GlobalSection(SolutionConfigurationPlatforms) = preSolution
		Debug|Any CPU = Debug|Any CPU
		Release|Any CPU = Release|Any CPU
	EndGlobalSection
	GlobalSection(ProjectConfigurationPlatforms) = postSolution
		{AA8D9B67-D566-4CA3-A3B7-5DBD96D44145}.Debug|Any CPU.ActiveCfg = Debug|Any CPU
		{AA8D9B67-D566-4CA3-A3B7-5DBD96D44145}.Debug|Any CPU.Build.0 = Debug|Any CPU
		{AA8D9B67-D566-4CA3-A3B7-5DBD96D44145}.Release|Any CPU.ActiveCfg = Release|Any CPU
		{AA8D9B67-D566-4CA3-A3B7-5DBD96D44145}.Release|Any CPU.Build.0 = Release|Any CPU
	EndGlobalSection
	GlobalSection(SolutionProperties) = preSolution
		HideSolutionNode = FALSE
	EndGlobalSection
	GlobalSection(ExtensibilityGlobals) = postSolution
		SolutionGuid = {F7831306-FE8B-4052-A39B-F55F24C7F5A6}
	EndGlobalSection
EndGlobal
